
Microsoft Visual Studio Solution File, Format Version 12.00
# Visual Studio 15
VisualStudioVersion = 15.0.26730.16
MinimumVisualStudioVersion = 10.0.40219.1
Project("{8BC9CEB8-8B4A-11D0-8D11-00A0C91BC942}") = "common", "common.vcxproj", "{CBA26C4D-37FA-4BB3-AF5B-785D08275B30}"
EndProject
Project("{8BC9CEB8-8B4A-11D0-8D11-00A0C91BC942}") = "test", "test.vcxproj", "{212DA771-5C29-455A-AAE3-DBE30FBE8683}"
EndProject
Project("{8BC9CEB8-8B4A-11D0-8D11-00A0C91BC942}") = "bench", "bench.vcxproj", "{CE8A25A9-4D4A-4F38-BAD8-29818B6B66E9}"
EndProject
Global
	GlobalSection(SolutionConfigurationPlatforms) = preSolution
		Debug|x64 = Debug|x64
		Debug|x86 = Debug|x86
		Release|x64 = Release|x64
		Release|x86 = Release|x86
	EndGlobalSection
	GlobalSection(ProjectConfigurationPlatforms) = postSolution
		{CBA26C4D-37FA-4BB3-AF5B-785D08275B30}.Debug|x64.ActiveCfg = Debug|x64
		{CBA26C4D-37FA-4BB3-AF5B-785D08275B30}.Debug|x64.Build.0 = Debug|x64
		{CBA26C4D-37FA-4BB3-AF5B-785D08275B30}.Debug|x86.ActiveCfg = Debug|Win32
		{CBA26C4D-37FA-4BB3-AF5B-785D08275B30}.Debug|x86.Build.0 = Debug|Win32
		{CBA26C4D-37FA-4BB3-AF5B-785D08275B30}.Release|x64.ActiveCfg = Release|x64
		{CBA26C4D-37FA-4BB3-AF5B-785D08275B30}.Release|x64.Build.0 = Release|x64
		{CBA26C4D-37FA-4BB3-AF5B-785D08275B30}.Release|x86.ActiveCfg = Release|Win32
		{CBA26C4D-37FA-4BB3-AF5B-785D08275B30}.Release|x86.Build.0 = Release|Win32
		{212DA771-5C29-455A-AAE3-DBE30FBE8683}.Debug|x64.ActiveCfg = Debug|x64
		{212DA771-5C29-455A-AAE3-DBE30FBE8683}.Debug|x64.Build.0 = Debug|x64
		{212DA771-5C29-455A-AAE3-DBE30FBE8683}.Debug|x86.ActiveCfg = Debug|Win32
		{212DA771-5C29-455A-AAE3-DBE30FBE8683}.Debug|x86.Build.0 = Debug|Win32
		{212DA771-5C29-455A-AAE3-DBE30FBE8683}.Release|x64.ActiveCfg = Release|x64
		{212DA771-5C29-455A-AAE3-DBE30FBE8683}.Release|x64.Build.0 = Release|x64
		{212DA771-5C29-455A-AAE3-DBE30FBE8683}.Release|x86.ActiveCfg = Release|Win32
		{212DA771-5C29-455A-AAE3-DBE30FBE8683}.Release|x86.Build.0 = Release|Win32
		{CE8A25A9-4D4A-4F38-BAD8-29818B6B66E9}.Debug|x64.ActiveCfg = Debug|x64
		{CE8A25A9-4D4A-4F38-BAD8-29818B6B66E9}.Debug|x64.Build.0 = Debug|x64
		{CE8A25A9-4D4A-4F38-BAD8-29818B6B66E9}.Debug|x86.ActiveCfg = Debug|Win32
		{CE8A25A9-4D4A-4F38-BAD8-29818B6B66E9}.Debug|x86.Build.0 = Debug|Win32
		{CE8A25A9-4D4A-4F38-BAD8-29818B6B66E9}.Release|x64.ActiveCfg = Release|x64
		{CE8A25A9-4D4A-4F38-BAD8-29818B6B66E9}.Release|x64.Build.0 = Release|x64
		{CE8A25A9-4D4A-4F38-BAD8-29818B6B66E9}.Release|x86.ActiveCfg = Release|Win32
		{CE8A25A9-4D4A-4F38-BAD8-29818B6B66E9}.Release|x86.Build.0 = Release|Win32
	EndGlobalSection
	GlobalSection(SolutionProperties) = preSolution
		HideSolutionNode = FALSE
	EndGlobalSection
	GlobalSection(ExtensibilityGlobals) = postSolution
		SolutionGuid = {FB3474C9-241F-4A59-9738-A8EEDA13A6CC}
	EndGlobalSection
EndGlobal
